// !$*UTF8*$!
{
	archiveVersion = 1;
	classes = {
	};
	objectVersion = 51;
	objects = {

/* Begin PBXBuildFile section */
		2B0060FC256F7D51002DB52A /* AppDelegate.swift in Sources */ = {isa = PBXBuildFile; fileRef = 2B0060FB256F7D51002DB52A /* AppDelegate.swift */; };
		2B0060FE256F7D51002DB52A /* SceneDelegate.swift in Sources */ = {isa = PBXBuildFile; fileRef = 2B0060FD256F7D51002DB52A /* SceneDelegate.swift */; };
		2B006100256F7D51002DB52A /* MainViewController.swift in Sources */ = {isa = PBXBuildFile; fileRef = 2B0060FF256F7D51002DB52A /* MainViewController.swift */; };
		2B006105256F7D54002DB52A /* Assets.xcassets in Resources */ = {isa = PBXBuildFile; fileRef = 2B006104256F7D54002DB52A /* Assets.xcassets */; };
		2B006108256F7D54002DB52A /* LaunchScreen.storyboard in Resources */ = {isa = PBXBuildFile; fileRef = 2B006106256F7D54002DB52A /* LaunchScreen.storyboard */; };
		2B006118256F8ABF002DB52A /* ConstraintsExtensions.swift in Sources */ = {isa = PBXBuildFile; fileRef = 2B006117256F8ABF002DB52A /* ConstraintsExtensions.swift */; };
		2B00611C256F8ED9002DB52A /* WeatherModel.swift in Sources */ = {isa = PBXBuildFile; fileRef = 2B00611B256F8ED9002DB52A /* WeatherModel.swift */; };
		2B006120256F8FDF002DB52A /* URRequestExtensions.swift in Sources */ = {isa = PBXBuildFile; fileRef = 2B00611F256F8FDF002DB52A /* URRequestExtensions.swift */; };
		2BB9403B256F9B820020E92B /* URLExtensions.swift in Sources */ = {isa = PBXBuildFile; fileRef = 2BB9403A256F9B820020E92B /* URLExtensions.swift */; };
		2BF5DADC25729DC9009B85A3 /* WeatherManager.swift in Sources */ = {isa = PBXBuildFile; fileRef = 2BF5DADB25729DC9009B85A3 /* WeatherManager.swift */; };
		3FF3D7026E9F374D80876221 /* Pods_RxSwift_Weather_App.framework in Frameworks */ = {isa = PBXBuildFile; fileRef = FEDC43B905EA1DCDAAF926FB /* Pods_RxSwift_Weather_App.framework */; };
/* End PBXBuildFile section */

/* Begin PBXFileReference section */
		2B0060F8256F7D51002DB52A /* RxSwift-Weather-App.app */ = {isa = PBXFileReference; explicitFileType = wrapper.application; includeInIndex = 0; path = "RxSwift-Weather-App.app"; sourceTree = BUILT_PRODUCTS_DIR; };
		2B0060FB256F7D51002DB52A /* AppDelegate.swift */ = {isa = PBXFileReference; lastKnownFileType = sourcecode.swift; path = AppDelegate.swift; sourceTree = "<group>"; };
		2B0060FD256F7D51002DB52A /* SceneDelegate.swift */ = {isa = PBXFileReference; lastKnownFileType = sourcecode.swift; path = SceneDelegate.swift; sourceTree = "<group>"; };
		2B0060FF256F7D51002DB52A /* MainViewController.swift */ = {isa = PBXFileReference; lastKnownFileType = sourcecode.swift; path = MainViewController.swift; sourceTree = "<group>"; };
		2B006104256F7D54002DB52A /* Assets.xcassets */ = {isa = PBXFileReference; lastKnownFileType = folder.assetcatalog; path = Assets.xcassets; sourceTree = "<group>"; };
		2B006107256F7D54002DB52A /* Base */ = {isa = PBXFileReference; lastKnownFileType = file.storyboard; name = Base; path = Base.lproj/LaunchScreen.storyboard; sourceTree = "<group>"; };
		2B006109256F7D54002DB52A /* Info.plist */ = {isa = PBXFileReference; lastKnownFileType = text.plist.xml; path = Info.plist; sourceTree = "<group>"; };
		2B006117256F8ABF002DB52A /* ConstraintsExtensions.swift */ = {isa = PBXFileReference; fileEncoding = 4; lastKnownFileType = sourcecode.swift; path = ConstraintsExtensions.swift; sourceTree = "<group>"; };
		2B00611B256F8ED9002DB52A /* WeatherModel.swift */ = {isa = PBXFileReference; lastKnownFileType = sourcecode.swift; path = WeatherModel.swift; sourceTree = "<group>"; };
		2B00611F256F8FDF002DB52A /* URRequestExtensions.swift */ = {isa = PBXFileReference; lastKnownFileType = sourcecode.swift; path = URRequestExtensions.swift; sourceTree = "<group>"; };
		2BB9403A256F9B820020E92B /* URLExtensions.swift */ = {isa = PBXFileReference; lastKnownFileType = sourcecode.swift; path = URLExtensions.swift; sourceTree = "<group>"; };
		2BF5DADB25729DC9009B85A3 /* WeatherManager.swift */ = {isa = PBXFileReference; lastKnownFileType = sourcecode.swift; path = WeatherManager.swift; sourceTree = "<group>"; };
		4EBF6235C542732210E1049D /* Pods-RxSwift-Weather-App.debug.xcconfig */ = {isa = PBXFileReference; includeInIndex = 1; lastKnownFileType = text.xcconfig; name = "Pods-RxSwift-Weather-App.debug.xcconfig"; path = "Target Support Files/Pods-RxSwift-Weather-App/Pods-RxSwift-Weather-App.debug.xcconfig"; sourceTree = "<group>"; };
		C3515F716C6BBA55F6689A2F /* Pods-RxSwift-Weather-App.release.xcconfig */ = {isa = PBXFileReference; includeInIndex = 1; lastKnownFileType = text.xcconfig; name = "Pods-RxSwift-Weather-App.release.xcconfig"; path = "Target Support Files/Pods-RxSwift-Weather-App/Pods-RxSwift-Weather-App.release.xcconfig"; sourceTree = "<group>"; };
		FEDC43B905EA1DCDAAF926FB /* Pods_RxSwift_Weather_App.framework */ = {isa = PBXFileReference; explicitFileType = wrapper.framework; includeInIndex = 0; path = Pods_RxSwift_Weather_App.framework; sourceTree = BUILT_PRODUCTS_DIR; };
/* End PBXFileReference section */

/* Begin PBXFrameworksBuildPhase section */
		2B0060F5256F7D51002DB52A /* Frameworks */ = {
			isa = PBXFrameworksBuildPhase;
			buildActionMask = 2147483647;
			files = (
				3FF3D7026E9F374D80876221 /* Pods_RxSwift_Weather_App.framework in Frameworks */,
			);
			runOnlyForDeploymentPostprocessing = 0;
		};
/* End PBXFrameworksBuildPhase section */

/* Begin PBXGroup section */
		2B0060EF256F7D51002DB52A = {
			isa = PBXGroup;
			children = (
				2B0060FA256F7D51002DB52A /* RxSwift-Weather-App */,
				2B0060F9256F7D51002DB52A /* Products */,
				E48CD554DDDB0AA6247450E3 /* Pods */,
				E272EA00E48F475B4577CB7B /* Frameworks */,
			);
			sourceTree = "<group>";
		};
		2B0060F9256F7D51002DB52A /* Products */ = {
			isa = PBXGroup;
			children = (
				2B0060F8256F7D51002DB52A /* RxSwift-Weather-App.app */,
			);
			name = Products;
			sourceTree = "<group>";
		};
		2B0060FA256F7D51002DB52A /* RxSwift-Weather-App */ = {
			isa = PBXGroup;
			children = (
				2B0060FB256F7D51002DB52A /* AppDelegate.swift */,
				2B0060FD256F7D51002DB52A /* SceneDelegate.swift */,
				2B00611A256F8E5A002DB52A /* Models */,
				2BB94038256F96760020E92B /* Controllers */,
				2B006123256F8FE8002DB52A /* Extensions */,
				2B006104256F7D54002DB52A /* Assets.xcassets */,
				2B006106256F7D54002DB52A /* LaunchScreen.storyboard */,
				2B006109256F7D54002DB52A /* Info.plist */,
			);
			path = "RxSwift-Weather-App";
			sourceTree = "<group>";
		};
		2B00611A256F8E5A002DB52A /* Models */ = {
			isa = PBXGroup;
			children = (
				2B00611B256F8ED9002DB52A /* WeatherModel.swift */,
				2BF5DADB25729DC9009B85A3 /* WeatherManager.swift */,
			);
			path = Models;
			sourceTree = "<group>";
		};
		2B006123256F8FE8002DB52A /* Extensions */ = {
			isa = PBXGroup;
			children = (
				2B006117256F8ABF002DB52A /* ConstraintsExtensions.swift */,
				2B00611F256F8FDF002DB52A /* URRequestExtensions.swift */,
				2BB9403A256F9B820020E92B /* URLExtensions.swift */,
			);
			path = Extensions;
			sourceTree = "<group>";
		};
		2BB94038256F96760020E92B /* Controllers */ = {
			isa = PBXGroup;
			children = (
				2B0060FF256F7D51002DB52A /* MainViewController.swift */,
			);
			path = Controllers;
			sourceTree = "<group>";
		};
		E272EA00E48F475B4577CB7B /* Frameworks */ = {
			isa = PBXGroup;
			children = (
				FEDC43B905EA1DCDAAF926FB /* Pods_RxSwift_Weather_App.framework */,
			);
			name = Frameworks;
			sourceTree = "<group>";
		};
		E48CD554DDDB0AA6247450E3 /* Pods */ = {
			isa = PBXGroup;
			children = (
				4EBF6235C542732210E1049D /* Pods-RxSwift-Weather-App.debug.xcconfig */,
				C3515F716C6BBA55F6689A2F /* Pods-RxSwift-Weather-App.release.xcconfig */,
			);
			path = Pods;
			sourceTree = "<group>";
		};
/* End PBXGroup section */

/* Begin PBXNativeTarget section */
		2B0060F7256F7D51002DB52A /* RxSwift-Weather-App */ = {
			isa = PBXNativeTarget;
			buildConfigurationList = 2B00610C256F7D54002DB52A /* Build configuration list for PBXNativeTarget "RxSwift-Weather-App" */;
			buildPhases = (
				0947010449090A3B763F35EC /* [CP] Check Pods Manifest.lock */,
				2B0060F4256F7D51002DB52A /* Sources */,
				2B0060F5256F7D51002DB52A /* Frameworks */,
				2B0060F6256F7D51002DB52A /* Resources */,
				687A6A312583AE45E4BEAA5D /* [CP] Embed Pods Frameworks */,
			);
			buildRules = (
			);
			dependencies = (
			);
			name = "RxSwift-Weather-App";
			productName = "RxSwift-Weather-App";
			productReference = 2B0060F8256F7D51002DB52A /* RxSwift-Weather-App.app */;
			productType = "com.apple.product-type.application";
		};
/* End PBXNativeTarget section */

/* Begin PBXProject section */
		2B0060F0256F7D51002DB52A /* Project object */ = {
			isa = PBXProject;
			attributes = {
				LastSwiftUpdateCheck = 1200;
				LastUpgradeCheck = 1200;
				TargetAttributes = {
					2B0060F7256F7D51002DB52A = {
						CreatedOnToolsVersion = 12.0.1;
					};
				};
			};
			buildConfigurationList = 2B0060F3256F7D51002DB52A /* Build configuration list for PBXProject "RxSwift-Weather-App" */;
			compatibilityVersion = "Xcode 9.3";
			developmentRegion = en;
			hasScannedForEncodings = 0;
			knownRegions = (
				en,
				Base,
			);
			mainGroup = 2B0060EF256F7D51002DB52A;
			productRefGroup = 2B0060F9256F7D51002DB52A /* Products */;
			projectDirPath = "";
			projectRoot = "";
			targets = (
				2B0060F7256F7D51002DB52A /* RxSwift-Weather-App */,
			);
		};
/* End PBXProject section */

/* Begin PBXResourcesBuildPhase section */
		2B0060F6256F7D51002DB52A /* Resources */ = {
			isa = PBXResourcesBuildPhase;
			buildActionMask = 2147483647;
			files = (
				2B006108256F7D54002DB52A /* LaunchScreen.storyboard in Resources */,
				2B006105256F7D54002DB52A /* Assets.xcassets in Resources */,
			);
			runOnlyForDeploymentPostprocessing = 0;
		};
/* End PBXResourcesBuildPhase section */

/* Begin PBXShellScriptBuildPhase section */
		0947010449090A3B763F35EC /* [CP] Check Pods Manifest.lock */ = {
			isa = PBXShellScriptBuildPhase;
			buildActionMask = 2147483647;
			files = (
			);
			inputFileListPaths = (
			);
			inputPaths = (
				"${PODS_PODFILE_DIR_PATH}/Podfile.lock",
				"${PODS_ROOT}/Manifest.lock",
			);
			name = "[CP] Check Pods Manifest.lock";
			outputFileListPaths = (
			);
			outputPaths = (
				"$(DERIVED_FILE_DIR)/Pods-RxSwift-Weather-App-checkManifestLockResult.txt",
			);
			runOnlyForDeploymentPostprocessing = 0;
			shellPath = /bin/sh;
			shellScript = "diff \"${PODS_PODFILE_DIR_PATH}/Podfile.lock\" \"${PODS_ROOT}/Manifest.lock\" > /dev/null\nif [ $? != 0 ] ; then\n    # print error to STDERR\n    echo \"error: The sandbox is not in sync with the Podfile.lock. Run 'pod install' or update your CocoaPods installation.\" >&2\n    exit 1\nfi\n# This output is used by Xcode 'outputs' to avoid re-running this script phase.\necho \"SUCCESS\" > \"${SCRIPT_OUTPUT_FILE_0}\"\n";
			showEnvVarsInLog = 0;
		};
		687A6A312583AE45E4BEAA5D /* [CP] Embed Pods Frameworks */ = {
			isa = PBXShellScriptBuildPhase;
			buildActionMask = 2147483647;
			files = (
			);
			inputFileListPaths = (
				"${PODS_ROOT}/Target Support Files/Pods-RxSwift-Weather-App/Pods-RxSwift-Weather-App-frameworks-${CONFIGURATION}-input-files.xcfilelist",
			);
			name = "[CP] Embed Pods Frameworks";
			outputFileListPaths = (
				"${PODS_ROOT}/Target Support Files/Pods-RxSwift-Weather-App/Pods-RxSwift-Weather-App-frameworks-${CONFIGURATION}-output-files.xcfilelist",
			);
			runOnlyForDeploymentPostprocessing = 0;
			shellPath = /bin/sh;
			shellScript = "\"${PODS_ROOT}/Target Support Files/Pods-RxSwift-Weather-App/Pods-RxSwift-Weather-App-frameworks.sh\"\n";
			showEnvVarsInLog = 0;
		};
/* End PBXShellScriptBuildPhase section */

/* Begin PBXSourcesBuildPhase section */
		2B0060F4256F7D51002DB52A /* Sources */ = {
			isa = PBXSourcesBuildPhase;
			buildActionMask = 2147483647;
			files = (
				2BB9403B256F9B820020E92B /* URLExtensions.swift in Sources */,
				2B006100256F7D51002DB52A /* MainViewController.swift in Sources */,
				2BF5DADC25729DC9009B85A3 /* WeatherManager.swift in Sources */,
				2B006120256F8FDF002DB52A /* URRequestExtensions.swift in Sources */,
				2B0060FC256F7D51002DB52A /* AppDelegate.swift in Sources */,
				2B0060FE256F7D51002DB52A /* SceneDelegate.swift in Sources */,
				2B00611C256F8ED9002DB52A /* WeatherModel.swift in Sources */,
				2B006118256F8ABF002DB52A /* ConstraintsExtensions.swift in Sources */,
			);
			runOnlyForDeploymentPostprocessing = 0;
		};
/* End PBXSourcesBuildPhase section */

/* Begin PBXVariantGroup section */
		2B006106256F7D54002DB52A /* LaunchScreen.storyboard */ = {
			isa = PBXVariantGroup;
			children = (
				2B006107256F7D54002DB52A /* Base */,
			);
			name = LaunchScreen.storyboard;
			sourceTree = "<group>";
		};
/* End PBXVariantGroup section */

/* Begin XCBuildConfiguration section */
		2B00610A256F7D54002DB52A /* Debug */ = {
			isa = XCBuildConfiguration;
			buildSettings = {
				ALWAYS_SEARCH_USER_PATHS = NO;
				CLANG_ANALYZER_NONNULL = YES;
				CLANG_ANALYZER_NUMBER_OBJECT_CONVERSION = YES_AGGRESSIVE;
				CLANG_CXX_LANGUAGE_STANDARD = "gnu++14";
				CLANG_CXX_LIBRARY = "libc++";
				CLANG_ENABLE_MODULES = YES;
				CLANG_ENABLE_OBJC_ARC = YES;
				CLANG_ENABLE_OBJC_WEAK = YES;
				CLANG_WARN_BLOCK_CAPTURE_AUTORELEASING = YES;
				CLANG_WARN_BOOL_CONVERSION = YES;
				CLANG_WARN_COMMA = YES;
				CLANG_WARN_CONSTANT_CONVERSION = YES;
				CLANG_WARN_DEPRECATED_OBJC_IMPLEMENTATIONS = YES;
				CLANG_WARN_DIRECT_OBJC_ISA_USAGE = YES_ERROR;
				CLANG_WARN_DOCUMENTATION_COMMENTS = YES;
				CLANG_WARN_EMPTY_BODY = YES;
				CLANG_WARN_ENUM_CONVERSION = YES;
				CLANG_WARN_INFINITE_RECURSION = YES;
				CLANG_WARN_INT_CONVERSION = YES;
				CLANG_WARN_NON_LITERAL_NULL_CONVERSION = YES;
				CLANG_WARN_OBJC_IMPLICIT_RETAIN_SELF = YES;
				CLANG_WARN_OBJC_LITERAL_CONVERSION = YES;
				CLANG_WARN_OBJC_ROOT_CLASS = YES_ERROR;
				CLANG_WARN_QUOTED_INCLUDE_IN_FRAMEWORK_HEADER = YES;
				CLANG_WARN_RANGE_LOOP_ANALYSIS = YES;
				CLANG_WARN_STRICT_PROTOTYPES = YES;
				CLANG_WARN_SUSPICIOUS_MOVE = YES;
				CLANG_WARN_UNGUARDED_AVAILABILITY = YES_AGGRESSIVE;
				CLANG_WARN_UNREACHABLE_CODE = YES;
				CLANG_WARN__DUPLICATE_METHOD_MATCH = YES;
				COPY_PHASE_STRIP = NO;
				DEBUG_INFORMATION_FORMAT = dwarf;
				ENABLE_STRICT_OBJC_MSGSEND = YES;
				ENABLE_TESTABILITY = YES;
				GCC_C_LANGUAGE_STANDARD = gnu11;
				GCC_DYNAMIC_NO_PIC = NO;
				GCC_NO_COMMON_BLOCKS = YES;
				GCC_OPTIMIZATION_LEVEL = 0;
				GCC_PREPROCESSOR_DEFINITIONS = (
					"DEBUG=1",
					"$(inherited)",
				);
				GCC_WARN_64_TO_32_BIT_CONVERSION = YES;
				GCC_WARN_ABOUT_RETURN_TYPE = YES_ERROR;
				GCC_WARN_UNDECLARED_SELECTOR = YES;
				GCC_WARN_UNINITIALIZED_AUTOS = YES_AGGRESSIVE;
				GCC_WARN_UNUSED_FUNCTION = YES;
				GCC_WARN_UNUSED_VARIABLE = YES;
				IPHONEOS_DEPLOYMENT_TARGET = 14.0;
				MTL_ENABLE_DEBUG_INFO = INCLUDE_SOURCE;
				MTL_FAST_MATH = YES;
				ONLY_ACTIVE_ARCH = YES;
				SDKROOT = iphoneos;
				SWIFT_ACTIVE_COMPILATION_CONDITIONS = DEBUG;
				SWIFT_OPTIMIZATION_LEVEL = "-Onone";
			};
			name = Debug;
		};
		2B00610B256F7D54002DB52A /* Release */ = {
			isa = XCBuildConfiguration;
			buildSettings = {
				ALWAYS_SEARCH_USER_PATHS = NO;
				CLANG_ANALYZER_NONNULL = YES;
				CLANG_ANALYZER_NUMBER_OBJECT_CONVERSION = YES_AGGRESSIVE;
				CLANG_CXX_LANGUAGE_STANDARD = "gnu++14";
				CLANG_CXX_LIBRARY = "libc++";
				CLANG_ENABLE_MODULES = YES;
				CLANG_ENABLE_OBJC_ARC = YES;
				CLANG_ENABLE_OBJC_WEAK = YES;
				CLANG_WARN_BLOCK_CAPTURE_AUTORELEASING = YES;
				CLANG_WARN_BOOL_CONVERSION = YES;
				CLANG_WARN_COMMA = YES;
				CLANG_WARN_CONSTANT_CONVERSION = YES;
				CLANG_WARN_DEPRECATED_OBJC_IMPLEMENTATIONS = YES;
				CLANG_WARN_DIRECT_OBJC_ISA_USAGE = YES_ERROR;
				CLANG_WARN_DOCUMENTATION_COMMENTS = YES;
				CLANG_WARN_EMPTY_BODY = YES;
				CLANG_WARN_ENUM_CONVERSION = YES;
				CLANG_WARN_INFINITE_RECURSION = YES;
				CLANG_WARN_INT_CONVERSION = YES;
				CLANG_WARN_NON_LITERAL_NULL_CONVERSION = YES;
				CLANG_WARN_OBJC_IMPLICIT_RETAIN_SELF = YES;
				CLANG_WARN_OBJC_LITERAL_CONVERSION = YES;
				CLANG_WARN_OBJC_ROOT_CLASS = YES_ERROR;
				CLANG_WARN_QUOTED_INCLUDE_IN_FRAMEWORK_HEADER = YES;
				CLANG_WARN_RANGE_LOOP_ANALYSIS = YES;
				CLANG_WARN_STRICT_PROTOTYPES = YES;
				CLANG_WARN_SUSPICIOUS_MOVE = YES;
				CLANG_WARN_UNGUARDED_AVAILABILITY = YES_AGGRESSIVE;
				CLANG_WARN_UNREACHABLE_CODE = YES;
				CLANG_WARN__DUPLICATE_METHOD_MATCH = YES;
				COPY_PHASE_STRIP = NO;
				DEBUG_INFORMATION_FORMAT = "dwarf-with-dsym";
				ENABLE_NS_ASSERTIONS = NO;
				ENABLE_STRICT_OBJC_MSGSEND = YES;
				GCC_C_LANGUAGE_STANDARD = gnu11;
				GCC_NO_COMMON_BLOCKS = YES;
				GCC_WARN_64_TO_32_BIT_CONVERSION = YES;
				GCC_WARN_ABOUT_RETURN_TYPE = YES_ERROR;
				GCC_WARN_UNDECLARED_SELECTOR = YES;
				GCC_WARN_UNINITIALIZED_AUTOS = YES_AGGRESSIVE;
				GCC_WARN_UNUSED_FUNCTION = YES;
				GCC_WARN_UNUSED_VARIABLE = YES;
				IPHONEOS_DEPLOYMENT_TARGET = 14.0;
				MTL_ENABLE_DEBUG_INFO = NO;
				MTL_FAST_MATH = YES;
				SDKROOT = iphoneos;
				SWIFT_COMPILATION_MODE = wholemodule;
				SWIFT_OPTIMIZATION_LEVEL = "-O";
				VALIDATE_PRODUCT = YES;
			};
			name = Release;
		};
		2B00610D256F7D54002DB52A /* Debug */ = {
			isa = XCBuildConfiguration;
			baseConfigurationReference = 4EBF6235C542732210E1049D /* Pods-RxSwift-Weather-App.debug.xcconfig */;
			buildSettings = {
				ASSETCATALOG_COMPILER_APPICON_NAME = AppIcon;
				ASSETCATALOG_COMPILER_GLOBAL_ACCENT_COLOR_NAME = AccentColor;
				CODE_SIGN_STYLE = Automatic;
				DEVELOPMENT_TEAM = 5ZVBFKA54H;
				INFOPLIST_FILE = "RxSwift-Weather-App/Info.plist";
				LD_RUNPATH_SEARCH_PATHS = (
					"$(inherited)",
					"@executable_path/Frameworks",
				);
				PRODUCT_BUNDLE_IDENTIFIER = "co.mukatayev.RxSwift-Weather-App";
				PRODUCT_NAME = "$(TARGET_NAME)";
				SWIFT_VERSION = 5.0;
				TARGETED_DEVICE_FAMILY = "1,2";
			};
			name = Debug;
		};
		2B00610E256F7D54002DB52A /* Release */ = {
			isa = XCBuildConfiguration;
			baseConfigurationReference = C3515F716C6BBA55F6689A2F /* Pods-RxSwift-Weather-App.release.xcconfig */;
			buildSettings = {
				ASSETCATALOG_COMPILER_APPICON_NAME = AppIcon;
				ASSETCATALOG_COMPILER_GLOBAL_ACCENT_COLOR_NAME = AccentColor;
				CODE_SIGN_STYLE = Automatic;
				DEVELOPMENT_TEAM = 5ZVBFKA54H;
				INFOPLIST_FILE = "RxSwift-Weather-App/Info.plist";
				LD_RUNPATH_SEARCH_PATHS = (
					"$(inherited)",
					"@executable_path/Frameworks",
				);
				PRODUCT_BUNDLE_IDENTIFIER = "co.mukatayev.RxSwift-Weather-App";
				PRODUCT_NAME = "$(TARGET_NAME)";
				SWIFT_VERSION = 5.0;
				TARGETED_DEVICE_FAMILY = "1,2";
			};
			name = Release;
		};
/* End XCBuildConfiguration section */

/* Begin XCConfigurationList section */
		2B0060F3256F7D51002DB52A /* Build configuration list for PBXProject "RxSwift-Weather-App" */ = {
			isa = XCConfigurationList;
			buildConfigurations = (
				2B00610A256F7D54002DB52A /* Debug */,
				2B00610B256F7D54002DB52A /* Release */,
			);
			defaultConfigurationIsVisible = 0;
			defaultConfigurationName = Release;
		};
		2B00610C256F7D54002DB52A /* Build configuration list for PBXNativeTarget "RxSwift-Weather-App" */ = {
			isa = XCConfigurationList;
			buildConfigurations = (
				2B00610D256F7D54002DB52A /* Debug */,
				2B00610E256F7D54002DB52A /* Release */,
			);
			defaultConfigurationIsVisible = 0;
			defaultConfigurationName = Release;
		};
/* End XCConfigurationList section */
	};
	rootObject = 2B0060F0256F7D51002DB52A /* Project object */;
}
